
Microsoft Visual Studio Solution File, Format Version 12.00
# Visual Studio Version 16
VisualStudioVersion = 16.0.30204.135
MinimumVisualStudioVersion = 10.0.40219.1
Project("{FAE04EC0-301F-11D3-BF4B-00C04F79EFBC}") = "GameOfLife", "GameOfLife.csproj", "{092F42E8-2666-4253-B0A3-D5172D35159D}"
EndProject
Project("{2150E333-8FDC-42A3-9474-1A3956D46DE8}") = "Solution Items", "Solution Items", "{7D7EA297-5E93-407E-B61F-3A6E310546B6}"
	ProjectSection(SolutionItems) = preProject
		Table.sql = Table.sql
	EndProjectSection
EndProject
Project("{2150E333-8FDC-42A3-9474-1A3956D46DE8}") = "Задание SQL", "Задание SQL", "{F886C765-FB1B-430C-A9C6-BCAA58C719C3}"
	ProjectSection(SolutionItems) = preProject
		..\..\..\Desktop\Магнит тест.sql = ..\..\..\Desktop\Магнит тест.sql
	EndProjectSection
EndProject
Global
	GlobalSection(SolutionConfigurationPlatforms) = preSolution
		Debug|Any CPU = Debug|Any CPU
		Release|Any CPU = Release|Any CPU
	EndGlobalSection
	GlobalSection(ProjectConfigurationPlatforms) = postSolution
		{092F42E8-2666-4253-B0A3-D5172D35159D}.Debug|Any CPU.ActiveCfg = Debug|Any CPU
		{092F42E8-2666-4253-B0A3-D5172D35159D}.Debug|Any CPU.Build.0 = Debug|Any CPU
		{092F42E8-2666-4253-B0A3-D5172D35159D}.Release|Any CPU.ActiveCfg = Release|Any CPU
		{092F42E8-2666-4253-B0A3-D5172D35159D}.Release|Any CPU.Build.0 = Release|Any CPU
	EndGlobalSection
	GlobalSection(SolutionProperties) = preSolution
		HideSolutionNode = FALSE
	EndGlobalSection
	GlobalSection(ExtensibilityGlobals) = postSolution
		SolutionGuid = {6F210F08-795C-4A41-B45C-C4966B47B24B}
	EndGlobalSection
EndGlobal
